
Microsoft Visual Studio Solution File, Format Version 12.00
Project("{FAE04EC0-301F-11D3-BF4B-00C04F79EFBC}") = "ShootersTrackingSystem", "ShootersTrackingSystem\ShootersTrackingSystem.csproj", "{CDD9FAD4-3263-4514-A908-C237FF844D41}"
EndProject
Global
	GlobalSection(SolutionConfigurationPlatforms) = preSolution
		Debug|Any CPU = Debug|Any CPU
		Release|Any CPU = Release|Any CPU
	EndGlobalSection
	GlobalSection(ProjectConfigurationPlatforms) = postSolution
		{CDD9FAD4-3263-4514-A908-C237FF844D41}.Debug|Any CPU.ActiveCfg = Debug|Any CPU
		{CDD9FAD4-3263-4514-A908-C237FF844D41}.Debug|Any CPU.Build.0 = Debug|Any CPU
		{CDD9FAD4-3263-4514-A908-C237FF844D41}.Release|Any CPU.ActiveCfg = Release|Any CPU
		{CDD9FAD4-3263-4514-A908-C237FF844D41}.Release|Any CPU.Build.0 = Release|Any CPU
	EndGlobalSection
EndGlobal
